
Microsoft Visual Studio Solution File, Format Version 12.00
# Visual Studio Version 17
VisualStudioVersion = 17.7.34003.232
MinimumVisualStudioVersion = 10.0.40219.1
Project("{FAE04EC0-301F-11D3-BF4B-00C04F79EFBC}") = "assignment", "assignment\assignment.csproj", "{6EE0A4BB-9469-42D1-999E-190CBA28DDDD}"
EndProject
Global
	GlobalSection(SolutionConfigurationPlatforms) = preSolution
		Debug|Any CPU = Debug|Any CPU
		Release|Any CPU = Release|Any CPU
	EndGlobalSection
	GlobalSection(ProjectConfigurationPlatforms) = postSolution
		{6EE0A4BB-9469-42D1-999E-190CBA28DDDD}.Debug|Any CPU.ActiveCfg = Debug|Any CPU
		{6EE0A4BB-9469-42D1-999E-190CBA28DDDD}.Debug|Any CPU.Build.0 = Debug|Any CPU
		{6EE0A4BB-9469-42D1-999E-190CBA28DDDD}.Release|Any CPU.ActiveCfg = Release|Any CPU
		{6EE0A4BB-9469-42D1-999E-190CBA28DDDD}.Release|Any CPU.Build.0 = Release|Any CPU
	EndGlobalSection
	GlobalSection(SolutionProperties) = preSolution
		HideSolutionNode = FALSE
	EndGlobalSection
	GlobalSection(ExtensibilityGlobals) = postSolution
		SolutionGuid = {79942113-A654-4556-8E85-9B6C0FEEBF26}
	EndGlobalSection
EndGlobal
